
Microsoft Visual Studio Solution File, Format Version 12.00
# Visual Studio Version 17
VisualStudioVersion = 17.0.31903.59
MinimumVisualStudioVersion = 10.0.40219.1
Project("{2150E333-8FDC-42A3-9474-1A3956D46DE8}") = "src", "src", "{B5ED1C9B-33B7-4CB7-84F7-FE57D9C388B4}"
EndProject
Project("{FAE04EC0-301F-11D3-BF4B-00C04F79EFBC}") = "Bicep.Extension.GitHub", "src\Bicep.Extension.GitHub\Bicep.Extension.GitHub.csproj", "{778A1AE1-A21B-4561-AAAE-7CEE84F493D3}"
EndProject
Project("{FAE04EC0-301F-11D3-BF4B-00C04F79EFBC}") = "Bicep.Types.GitHub", "src\Bicep.Types.GitHub\Bicep.Types.GitHub.csproj", "{FE9F88D0-85B9-4E40-AAA3-1C40C9308989}"
EndProject
Global
	GlobalSection(SolutionConfigurationPlatforms) = preSolution
		Debug|Any CPU = Debug|Any CPU
		Release|Any CPU = Release|Any CPU
	EndGlobalSection
	GlobalSection(SolutionProperties) = preSolution
		HideSolutionNode = FALSE
	EndGlobalSection
	GlobalSection(ProjectConfigurationPlatforms) = postSolution
		{778A1AE1-A21B-4561-AAAE-7CEE84F493D3}.Debug|Any CPU.ActiveCfg = Debug|Any CPU
		{778A1AE1-A21B-4561-AAAE-7CEE84F493D3}.Debug|Any CPU.Build.0 = Debug|Any CPU
		{778A1AE1-A21B-4561-AAAE-7CEE84F493D3}.Release|Any CPU.ActiveCfg = Release|Any CPU
		{778A1AE1-A21B-4561-AAAE-7CEE84F493D3}.Release|Any CPU.Build.0 = Release|Any CPU
		{FE9F88D0-85B9-4E40-AAA3-1C40C9308989}.Debug|Any CPU.ActiveCfg = Debug|Any CPU
		{FE9F88D0-85B9-4E40-AAA3-1C40C9308989}.Debug|Any CPU.Build.0 = Debug|Any CPU
		{FE9F88D0-85B9-4E40-AAA3-1C40C9308989}.Release|Any CPU.ActiveCfg = Release|Any CPU
		{FE9F88D0-85B9-4E40-AAA3-1C40C9308989}.Release|Any CPU.Build.0 = Release|Any CPU
	EndGlobalSection
	GlobalSection(NestedProjects) = preSolution
		{778A1AE1-A21B-4561-AAAE-7CEE84F493D3} = {B5ED1C9B-33B7-4CB7-84F7-FE57D9C388B4}
		{FE9F88D0-85B9-4E40-AAA3-1C40C9308989} = {B5ED1C9B-33B7-4CB7-84F7-FE57D9C388B4}
	EndGlobalSection
EndGlobal
